// !$*UTF8*$!
{
	archiveVersion = 1;
	classes = {
	};
	objectVersion = 46;
	objects = {

/* Begin PBXBuildFile section */
		850435C417EDDF6C00FEDE68 /* UIKit.framework in Frameworks */ = {isa = PBXBuildFile; fileRef = 850435C317EDDF6C00FEDE68 /* UIKit.framework */; };
		850435C617EDDF6C00FEDE68 /* Foundation.framework in Frameworks */ = {isa = PBXBuildFile; fileRef = 850435C517EDDF6C00FEDE68 /* Foundation.framework */; };
		850435C817EDDF6C00FEDE68 /* CoreGraphics.framework in Frameworks */ = {isa = PBXBuildFile; fileRef = 850435C717EDDF6C00FEDE68 /* CoreGraphics.framework */; };
		850435CE17EDDF6C00FEDE68 /* InfoPlist.strings in Resources */ = {isa = PBXBuildFile; fileRef = 850435CC17EDDF6C00FEDE68 /* InfoPlist.strings */; };
		850435D017EDDF6C00FEDE68 /* main.m in Sources */ = {isa = PBXBuildFile; fileRef = 850435CF17EDDF6C00FEDE68 /* main.m */; };
		850435D417EDDF6C00FEDE68 /* LPAppDelegate.m in Sources */ = {isa = PBXBuildFile; fileRef = 850435D317EDDF6C00FEDE68 /* LPAppDelegate.m */; };
		850435D617EDDF6C00FEDE68 /* Default.png in Resources */ = {isa = PBXBuildFile; fileRef = 850435D517EDDF6C00FEDE68 /* Default.png */; };
		850435D817EDDF6C00FEDE68 /* Default@2x.png in Resources */ = {isa = PBXBuildFile; fileRef = 850435D717EDDF6C00FEDE68 /* Default@2x.png */; };
		850435DA17EDDF6C00FEDE68 /* Default-568h@2x.png in Resources */ = {isa = PBXBuildFile; fileRef = 850435D917EDDF6C00FEDE68 /* Default-568h@2x.png */; };
		850435E617EDE0F300FEDE68 /* Storyboard.storyboard in Resources */ = {isa = PBXBuildFile; fileRef = 850435E517EDE0F300FEDE68 /* Storyboard.storyboard */; };
		850435E917EDEB5500FEDE68 /* LPDynamicTableViewController.m in Sources */ = {isa = PBXBuildFile; fileRef = 850435E817EDEB5500FEDE68 /* LPDynamicTableViewController.m */; };
/* End PBXBuildFile section */

/* Begin PBXFileReference section */
		850435C017EDDF6C00FEDE68 /* Storyboard.app */ = {isa = PBXFileReference; explicitFileType = wrapper.application; includeInIndex = 0; path = Storyboard.app; sourceTree = BUILT_PRODUCTS_DIR; };
		850435C317EDDF6C00FEDE68 /* UIKit.framework */ = {isa = PBXFileReference; lastKnownFileType = wrapper.framework; name = UIKit.framework; path = System/Library/Frameworks/UIKit.framework; sourceTree = SDKROOT; };
		850435C517EDDF6C00FEDE68 /* Foundation.framework */ = {isa = PBXFileReference; lastKnownFileType = wrapper.framework; name = Foundation.framework; path = System/Library/Frameworks/Foundation.framework; sourceTree = SDKROOT; };
		850435C717EDDF6C00FEDE68 /* CoreGraphics.framework */ = {isa = PBXFileReference; lastKnownFileType = wrapper.framework; name = CoreGraphics.framework; path = System/Library/Frameworks/CoreGraphics.framework; sourceTree = SDKROOT; };
		850435CB17EDDF6C00FEDE68 /* Storyboard-Info.plist */ = {isa = PBXFileReference; lastKnownFileType = text.plist.xml; path = "Storyboard-Info.plist"; sourceTree = "<group>"; };
		850435CD17EDDF6C00FEDE68 /* en */ = {isa = PBXFileReference; lastKnownFileType = text.plist.strings; name = en; path = en.lproj/InfoPlist.strings; sourceTree = "<group>"; };
		850435CF17EDDF6C00FEDE68 /* main.m */ = {isa = PBXFileReference; lastKnownFileType = sourcecode.c.objc; path = main.m; sourceTree = "<group>"; };
		850435D117EDDF6C00FEDE68 /* Storyboard-Prefix.pch */ = {isa = PBXFileReference; lastKnownFileType = sourcecode.c.h; path = "Storyboard-Prefix.pch"; sourceTree = "<group>"; };
		850435D217EDDF6C00FEDE68 /* LPAppDelegate.h */ = {isa = PBXFileReference; lastKnownFileType = sourcecode.c.h; name = LPAppDelegate.h; path = Storyboard/LPAppDelegate.h; sourceTree = "<group>"; };
		850435D317EDDF6C00FEDE68 /* LPAppDelegate.m */ = {isa = PBXFileReference; lastKnownFileType = sourcecode.c.objc; name = LPAppDelegate.m; path = Storyboard/LPAppDelegate.m; sourceTree = "<group>"; };
		850435D517EDDF6C00FEDE68 /* Default.png */ = {isa = PBXFileReference; lastKnownFileType = image.png; path = Default.png; sourceTree = "<group>"; };
		850435D717EDDF6C00FEDE68 /* Default@2x.png */ = {isa = PBXFileReference; lastKnownFileType = image.png; path = "Default@2x.png"; sourceTree = "<group>"; };
		850435D917EDDF6C00FEDE68 /* Default-568h@2x.png */ = {isa = PBXFileReference; lastKnownFileType = image.png; path = "Default-568h@2x.png"; sourceTree = "<group>"; };
		850435E517EDE0F300FEDE68 /* Storyboard.storyboard */ = {isa = PBXFileReference; fileEncoding = 4; lastKnownFileType = file.storyboard; path = Storyboard.storyboard; sourceTree = "<group>"; };
		850435E717EDEB5500FEDE68 /* LPDynamicTableViewController.h */ = {isa = PBXFileReference; fileEncoding = 4; lastKnownFileType = sourcecode.c.h; path = LPDynamicTableViewController.h; sourceTree = "<group>"; };
		850435E817EDEB5500FEDE68 /* LPDynamicTableViewController.m */ = {isa = PBXFileReference; fileEncoding = 4; lastKnownFileType = sourcecode.c.objc; path = LPDynamicTableViewController.m; sourceTree = "<group>"; };
/* End PBXFileReference section */

/* Begin PBXFrameworksBuildPhase section */
		850435BD17EDDF6C00FEDE68 /* Frameworks */ = {
			isa = PBXFrameworksBuildPhase;
			buildActionMask = 2147483647;
			files = (
				850435C417EDDF6C00FEDE68 /* UIKit.framework in Frameworks */,
				850435C617EDDF6C00FEDE68 /* Foundation.framework in Frameworks */,
				850435C817EDDF6C00FEDE68 /* CoreGraphics.framework in Frameworks */,
			);
			runOnlyForDeploymentPostprocessing = 0;
		};
/* End PBXFrameworksBuildPhase section */

/* Begin PBXGroup section */
		850435B717EDDF6C00FEDE68 = {
			isa = PBXGroup;
			children = (
				850435E317EDDF8200FEDE68 /* Delegates */,
				850435E217EDDF7D00FEDE68 /* Views */,
				850435E117EDDF7800FEDE68 /* New Group */,
				850435E017EDDF7100FEDE68 /* Controller */,
				850435C917EDDF6C00FEDE68 /* Storyboard */,
				850435C217EDDF6C00FEDE68 /* Frameworks */,
				850435C117EDDF6C00FEDE68 /* Products */,
			);
			sourceTree = "<group>";
		};
		850435C117EDDF6C00FEDE68 /* Products */ = {
			isa = PBXGroup;
			children = (
				850435C017EDDF6C00FEDE68 /* Storyboard.app */,
			);
			name = Products;
			sourceTree = "<group>";
		};
		850435C217EDDF6C00FEDE68 /* Frameworks */ = {
			isa = PBXGroup;
			children = (
				850435C317EDDF6C00FEDE68 /* UIKit.framework */,
				850435C517EDDF6C00FEDE68 /* Foundation.framework */,
				850435C717EDDF6C00FEDE68 /* CoreGraphics.framework */,
			);
			name = Frameworks;
			sourceTree = "<group>";
		};
		850435C917EDDF6C00FEDE68 /* Storyboard */ = {
			isa = PBXGroup;
			children = (
				850435CA17EDDF6C00FEDE68 /* Supporting Files */,
			);
			path = Storyboard;
			sourceTree = "<group>";
		};
		850435CA17EDDF6C00FEDE68 /* Supporting Files */ = {
			isa = PBXGroup;
			children = (
				850435E417EDDF9300FEDE68 /* Images */,
				850435CB17EDDF6C00FEDE68 /* Storyboard-Info.plist */,
				850435CC17EDDF6C00FEDE68 /* InfoPlist.strings */,
				850435CF17EDDF6C00FEDE68 /* main.m */,
				850435D117EDDF6C00FEDE68 /* Storyboard-Prefix.pch */,
				850435D517EDDF6C00FEDE68 /* Default.png */,
				850435D717EDDF6C00FEDE68 /* Default@2x.png */,
				850435D917EDDF6C00FEDE68 /* Default-568h@2x.png */,
				850435E517EDE0F300FEDE68 /* Storyboard.storyboard */,
			);
			name = "Supporting Files";
			sourceTree = "<group>";
		};
		850435E017EDDF7100FEDE68 /* Controller */ = {
			isa = PBXGroup;
			children = (
				850435E717EDEB5500FEDE68 /* LPDynamicTableViewController.h */,
				850435E817EDEB5500FEDE68 /* LPDynamicTableViewController.m */,
			);
			name = Controller;
			sourceTree = "<group>";
		};
		850435E117EDDF7800FEDE68 /* New Group */ = {
			isa = PBXGroup;
			children = (
			);
			name = "New Group";
			sourceTree = "<group>";
		};
		850435E217EDDF7D00FEDE68 /* Views */ = {
			isa = PBXGroup;
			children = (
			);
			name = Views;
			sourceTree = "<group>";
		};
		850435E317EDDF8200FEDE68 /* Delegates */ = {
			isa = PBXGroup;
			children = (
				850435D217EDDF6C00FEDE68 /* LPAppDelegate.h */,
				850435D317EDDF6C00FEDE68 /* LPAppDelegate.m */,
			);
			name = Delegates;
			sourceTree = "<group>";
		};
		850435E417EDDF9300FEDE68 /* Images */ = {
			isa = PBXGroup;
			children = (
			);
			name = Images;
			sourceTree = "<group>";
		};
/* End PBXGroup section */

/* Begin PBXNativeTarget section */
		850435BF17EDDF6C00FEDE68 /* Storyboard */ = {
			isa = PBXNativeTarget;
			buildConfigurationList = 850435DD17EDDF6C00FEDE68 /* Build configuration list for PBXNativeTarget "Storyboard" */;
			buildPhases = (
				850435BC17EDDF6C00FEDE68 /* Sources */,
				850435BD17EDDF6C00FEDE68 /* Frameworks */,
				850435BE17EDDF6C00FEDE68 /* Resources */,
			);
			buildRules = (
			);
			dependencies = (
			);
			name = Storyboard;
			productName = Storyboard;
			productReference = 850435C017EDDF6C00FEDE68 /* Storyboard.app */;
			productType = "com.apple.product-type.application";
		};
/* End PBXNativeTarget section */

/* Begin PBXProject section */
		850435B817EDDF6C00FEDE68 /* Project object */ = {
			isa = PBXProject;
			attributes = {
				CLASSPREFIX = LP;
				LastUpgradeCheck = 0460;
				ORGANIZATIONNAME = "Michael La Plante";
			};
			buildConfigurationList = 850435BB17EDDF6C00FEDE68 /* Build configuration list for PBXProject "Storyboard" */;
			compatibilityVersion = "Xcode 3.2";
			developmentRegion = English;
			hasScannedForEncodings = 0;
			knownRegions = (
				en,
			);
			mainGroup = 850435B717EDDF6C00FEDE68;
			productRefGroup = 850435C117EDDF6C00FEDE68 /* Products */;
			projectDirPath = "";
			projectRoot = "";
			targets = (
				850435BF17EDDF6C00FEDE68 /* Storyboard */,
			);
		};
/* End PBXProject section */

/* Begin PBXResourcesBuildPhase section */
		850435BE17EDDF6C00FEDE68 /* Resources */ = {
			isa = PBXResourcesBuildPhase;
			buildActionMask = 2147483647;
			files = (
				850435CE17EDDF6C00FEDE68 /* InfoPlist.strings in Resources */,
				850435D617EDDF6C00FEDE68 /* Default.png in Resources */,
				850435D817EDDF6C00FEDE68 /* Default@2x.png in Resources */,
				850435DA17EDDF6C00FEDE68 /* Default-568h@2x.png in Resources */,
				850435E617EDE0F300FEDE68 /* Storyboard.storyboard in Resources */,
			);
			runOnlyForDeploymentPostprocessing = 0;
		};
/* End PBXResourcesBuildPhase section */

/* Begin PBXSourcesBuildPhase section */
		850435BC17EDDF6C00FEDE68 /* Sources */ = {
			isa = PBXSourcesBuildPhase;
			buildActionMask = 2147483647;
			files = (
				850435D017EDDF6C00FEDE68 /* main.m in Sources */,
				850435D417EDDF6C00FEDE68 /* LPAppDelegate.m in Sources */,
				850435E917EDEB5500FEDE68 /* LPDynamicTableViewController.m in Sources */,
			);
			runOnlyForDeploymentPostprocessing = 0;
		};
/* End PBXSourcesBuildPhase section */

/* Begin PBXVariantGroup section */
		850435CC17EDDF6C00FEDE68 /* InfoPlist.strings */ = {
			isa = PBXVariantGroup;
			children = (
				850435CD17EDDF6C00FEDE68 /* en */,
			);
			name = InfoPlist.strings;
			sourceTree = "<group>";
		};
/* End PBXVariantGroup section */

/* Begin XCBuildConfiguration section */
		850435DB17EDDF6C00FEDE68 /* Debug */ = {
			isa = XCBuildConfiguration;
			buildSettings = {
				ALWAYS_SEARCH_USER_PATHS = NO;
				CLANG_CXX_LANGUAGE_STANDARD = "gnu++0x";
				CLANG_CXX_LIBRARY = "libc++";
				CLANG_ENABLE_OBJC_ARC = YES;
				CLANG_WARN_CONSTANT_CONVERSION = YES;
				CLANG_WARN_EMPTY_BODY = YES;
				CLANG_WARN_ENUM_CONVERSION = YES;
				CLANG_WARN_INT_CONVERSION = YES;
				CLANG_WARN__DUPLICATE_METHOD_MATCH = YES;
				"CODE_SIGN_IDENTITY[sdk=iphoneos*]" = "iPhone Developer";
				COPY_PHASE_STRIP = NO;
				GCC_C_LANGUAGE_STANDARD = gnu99;
				GCC_DYNAMIC_NO_PIC = NO;
				GCC_OPTIMIZATION_LEVEL = 0;
				GCC_PREPROCESSOR_DEFINITIONS = (
					"DEBUG=1",
					"$(inherited)",
				);
				GCC_SYMBOLS_PRIVATE_EXTERN = NO;
				GCC_WARN_ABOUT_RETURN_TYPE = YES;
				GCC_WARN_UNINITIALIZED_AUTOS = YES;
				GCC_WARN_UNUSED_VARIABLE = YES;
				IPHONEOS_DEPLOYMENT_TARGET = 6.1;
				ONLY_ACTIVE_ARCH = YES;
				SDKROOT = iphoneos;
			};
			name = Debug;
		};
		850435DC17EDDF6C00FEDE68 /* Release */ = {
			isa = XCBuildConfiguration;
			buildSettings = {
				ALWAYS_SEARCH_USER_PATHS = NO;
				CLANG_CXX_LANGUAGE_STANDARD = "gnu++0x";
				CLANG_CXX_LIBRARY = "libc++";
				CLANG_ENABLE_OBJC_ARC = YES;
				CLANG_WARN_CONSTANT_CONVERSION = YES;
				CLANG_WARN_EMPTY_BODY = YES;
				CLANG_WARN_ENUM_CONVERSION = YES;
				CLANG_WARN_INT_CONVERSION = YES;
				CLANG_WARN__DUPLICATE_METHOD_MATCH = YES;
				"CODE_SIGN_IDENTITY[sdk=iphoneos*]" = "iPhone Developer";
				COPY_PHASE_STRIP = YES;
				GCC_C_LANGUAGE_STANDARD = gnu99;
				GCC_WARN_ABOUT_RETURN_TYPE = YES;
				GCC_WARN_UNINITIALIZED_AUTOS = YES;
				GCC_WARN_UNUSED_VARIABLE = YES;
				IPHONEOS_DEPLOYMENT_TARGET = 6.1;
				OTHER_CFLAGS = "-DNS_BLOCK_ASSERTIONS=1";
				SDKROOT = iphoneos;
				VALIDATE_PRODUCT = YES;
			};
			name = Release;
		};
		850435DE17EDDF6C00FEDE68 /* Debug */ = {
			isa = XCBuildConfiguration;
			buildSettings = {
				GCC_PRECOMPILE_PREFIX_HEADER = YES;
				GCC_PREFIX_HEADER = "Storyboard/Storyboard-Prefix.pch";
				INFOPLIST_FILE = "Storyboard/Storyboard-Info.plist";
				PRODUCT_NAME = "$(TARGET_NAME)";
				TARGETED_DEVICE_FAMILY = 1;
				WRAPPER_EXTENSION = app;
			};
			name = Debug;
		};
		850435DF17EDDF6C00FEDE68 /* Release */ = {
			isa = XCBuildConfiguration;
			buildSettings = {
				GCC_PRECOMPILE_PREFIX_HEADER = YES;
				GCC_PREFIX_HEADER = "Storyboard/Storyboard-Prefix.pch";
				INFOPLIST_FILE = "Storyboard/Storyboard-Info.plist";
				PRODUCT_NAME = "$(TARGET_NAME)";
				TARGETED_DEVICE_FAMILY = 1;
				WRAPPER_EXTENSION = app;
			};
			name = Release;
		};
/* End XCBuildConfiguration section */

/* Begin XCConfigurationList section */
		850435BB17EDDF6C00FEDE68 /* Build configuration list for PBXProject "Storyboard" */ = {
			isa = XCConfigurationList;
			buildConfigurations = (
				850435DB17EDDF6C00FEDE68 /* Debug */,
				850435DC17EDDF6C00FEDE68 /* Release */,
			);
			defaultConfigurationIsVisible = 0;
			defaultConfigurationName = Release;
		};
		850435DD17EDDF6C00FEDE68 /* Build configuration list for PBXNativeTarget "Storyboard" */ = {
			isa = XCConfigurationList;
			buildConfigurations = (
				850435DE17EDDF6C00FEDE68 /* Debug */,
				850435DF17EDDF6C00FEDE68 /* Release */,
			);
			defaultConfigurationIsVisible = 0;
		};
/* End XCConfigurationList section */
	};
	rootObject = 850435B817EDDF6C00FEDE68 /* Project object */;
}
